// !$*UTF8*$!
{
	archiveVersion = 1;
	classes = {
	};
	objectVersion = 53;
	objects = {

/* Begin PBXBuildFile section */
		F626867123BF551000EB4B80 /* HomeViewController.swift in Sources */ = {isa = PBXBuildFile; fileRef = F626867023BF551000EB4B80 /* HomeViewController.swift */; };
		F629F2E528BFFF520046ECA3 /* If.ttf in Resources */ = {isa = PBXBuildFile; fileRef = F629F2E428BFFF520046ECA3 /* If.ttf */; };
		F64D294224FB9C2C00D6391A /* InformationViewController.swift in Sources */ = {isa = PBXBuildFile; fileRef = F64D294124FB9C2C00D6391A /* InformationViewController.swift */; };
		F68E2386237FFB81005459F8 /* AppDelegate.swift in Sources */ = {isa = PBXBuildFile; fileRef = F68E2385237FFB81005459F8 /* AppDelegate.swift */; };
		F68E2388237FFB81005459F8 /* RestaurantsViewControllerViewController.swift in Sources */ = {isa = PBXBuildFile; fileRef = F68E2387237FFB81005459F8 /* RestaurantsViewControllerViewController.swift */; };
		F68E238A237FFB81005459F8 /* MapViewController.swift in Sources */ = {isa = PBXBuildFile; fileRef = F68E2389237FFB81005459F8 /* MapViewController.swift */; };
		F68E238D237FFB81005459F8 /* Main.storyboard in Resources */ = {isa = PBXBuildFile; fileRef = F68E238B237FFB81005459F8 /* Main.storyboard */; };
		F68E238F237FFB85005459F8 /* Assets.xcassets in Resources */ = {isa = PBXBuildFile; fileRef = F68E238E237FFB85005459F8 /* Assets.xcassets */; };
		F68E2392237FFB85005459F8 /* LaunchScreen.storyboard in Resources */ = {isa = PBXBuildFile; fileRef = F68E2390237FFB85005459F8 /* LaunchScreen.storyboard */; };
		F68E239D237FFB85005459F8 /* WeinsafariTests.swift in Sources */ = {isa = PBXBuildFile; fileRef = F68E239C237FFB85005459F8 /* WeinsafariTests.swift */; };
		F68E23A923800364005459F8 /* RestaurantTableViewCell.swift in Sources */ = {isa = PBXBuildFile; fileRef = F68E23A723800364005459F8 /* RestaurantTableViewCell.swift */; };
		F68E23AA23800364005459F8 /* RestaurantTableViewCell.xib in Resources */ = {isa = PBXBuildFile; fileRef = F68E23A823800364005459F8 /* RestaurantTableViewCell.xib */; };
		F68E23AC23800EFF005459F8 /* RestaurantDetailViewController.swift in Sources */ = {isa = PBXBuildFile; fileRef = F68E23AB23800EFF005459F8 /* RestaurantDetailViewController.swift */; };
/* End PBXBuildFile section */

/* Begin PBXContainerItemProxy section */
		F68E2399237FFB85005459F8 /* PBXContainerItemProxy */ = {
			isa = PBXContainerItemProxy;
			containerPortal = F68E237A237FFB81005459F8 /* Project object */;
			proxyType = 1;
			remoteGlobalIDString = F68E2381237FFB81005459F8;
			remoteInfo = Weinsafari;
		};
/* End PBXContainerItemProxy section */

/* Begin PBXFileReference section */
		F626867023BF551000EB4B80 /* HomeViewController.swift */ = {isa = PBXFileReference; lastKnownFileType = sourcecode.swift; path = HomeViewController.swift; sourceTree = "<group>"; };
		F629F2E428BFFF520046ECA3 /* If.ttf */ = {isa = PBXFileReference; lastKnownFileType = file; path = If.ttf; sourceTree = "<group>"; };
		F64D294124FB9C2C00D6391A /* InformationViewController.swift */ = {isa = PBXFileReference; lastKnownFileType = sourcecode.swift; name = InformationViewController.swift; path = Weinsafari/InformationViewController.swift; sourceTree = SOURCE_ROOT; };
		F68E2382237FFB81005459F8 /* Weinsafari.app */ = {isa = PBXFileReference; explicitFileType = wrapper.application; includeInIndex = 0; path = Weinsafari.app; sourceTree = BUILT_PRODUCTS_DIR; };
		F68E2385237FFB81005459F8 /* AppDelegate.swift */ = {isa = PBXFileReference; lastKnownFileType = sourcecode.swift; path = AppDelegate.swift; sourceTree = "<group>"; };
		F68E2387237FFB81005459F8 /* RestaurantsViewControllerViewController.swift */ = {isa = PBXFileReference; lastKnownFileType = sourcecode.swift; path = RestaurantsViewControllerViewController.swift; sourceTree = "<group>"; };
		F68E2389237FFB81005459F8 /* MapViewController.swift */ = {isa = PBXFileReference; lastKnownFileType = sourcecode.swift; path = MapViewController.swift; sourceTree = "<group>"; };
		F68E238C237FFB81005459F8 /* Base */ = {isa = PBXFileReference; lastKnownFileType = file.storyboard; name = Base; path = Base.lproj/Main.storyboard; sourceTree = "<group>"; };
		F68E238E237FFB85005459F8 /* Assets.xcassets */ = {isa = PBXFileReference; lastKnownFileType = folder.assetcatalog; path = Assets.xcassets; sourceTree = "<group>"; };
		F68E2391237FFB85005459F8 /* Base */ = {isa = PBXFileReference; lastKnownFileType = file.storyboard; name = Base; path = Base.lproj/LaunchScreen.storyboard; sourceTree = "<group>"; };
		F68E2393237FFB85005459F8 /* Info.plist */ = {isa = PBXFileReference; lastKnownFileType = text.plist.xml; path = Info.plist; sourceTree = "<group>"; };
		F68E2398237FFB85005459F8 /* WeinsafariTests.xctest */ = {isa = PBXFileReference; explicitFileType = wrapper.cfbundle; includeInIndex = 0; path = WeinsafariTests.xctest; sourceTree = BUILT_PRODUCTS_DIR; };
		F68E239C237FFB85005459F8 /* WeinsafariTests.swift */ = {isa = PBXFileReference; lastKnownFileType = sourcecode.swift; path = WeinsafariTests.swift; sourceTree = "<group>"; };
		F68E239E237FFB85005459F8 /* Info.plist */ = {isa = PBXFileReference; lastKnownFileType = text.plist.xml; path = Info.plist; sourceTree = "<group>"; };
		F68E23A723800364005459F8 /* RestaurantTableViewCell.swift */ = {isa = PBXFileReference; lastKnownFileType = sourcecode.swift; path = RestaurantTableViewCell.swift; sourceTree = "<group>"; };
		F68E23A823800364005459F8 /* RestaurantTableViewCell.xib */ = {isa = PBXFileReference; lastKnownFileType = file.xib; path = RestaurantTableViewCell.xib; sourceTree = "<group>"; };
		F68E23AB23800EFF005459F8 /* RestaurantDetailViewController.swift */ = {isa = PBXFileReference; lastKnownFileType = sourcecode.swift; path = RestaurantDetailViewController.swift; sourceTree = "<group>"; };
/* End PBXFileReference section */

/* Begin PBXFrameworksBuildPhase section */
		F68E237F237FFB81005459F8 /* Frameworks */ = {
			isa = PBXFrameworksBuildPhase;
			buildActionMask = 2147483647;
			files = (
			);
			runOnlyForDeploymentPostprocessing = 0;
		};
		F68E2395237FFB85005459F8 /* Frameworks */ = {
			isa = PBXFrameworksBuildPhase;
			buildActionMask = 2147483647;
			files = (
			);
			runOnlyForDeploymentPostprocessing = 0;
		};
/* End PBXFrameworksBuildPhase section */

/* Begin PBXGroup section */
		F629F2E628BFFF730046ECA3 /* fonts */ = {
			isa = PBXGroup;
			children = (
				F629F2E428BFFF520046ECA3 /* If.ttf */,
			);
			path = fonts;
			sourceTree = "<group>";
		};
		F68E2379237FFB81005459F8 = {
			isa = PBXGroup;
			children = (
				F68E2384237FFB81005459F8 /* Weinsafari */,
				F68E239B237FFB85005459F8 /* WeinsafariTests */,
				F68E2383237FFB81005459F8 /* Products */,
			);
			sourceTree = "<group>";
		};
		F68E2383237FFB81005459F8 /* Products */ = {
			isa = PBXGroup;
			children = (
				F68E2382237FFB81005459F8 /* Weinsafari.app */,
				F68E2398237FFB85005459F8 /* WeinsafariTests.xctest */,
			);
			name = Products;
			sourceTree = "<group>";
		};
		F68E2384237FFB81005459F8 /* Weinsafari */ = {
			isa = PBXGroup;
			children = (
				F626867023BF551000EB4B80 /* HomeViewController.swift */,
				F68E2389237FFB81005459F8 /* MapViewController.swift */,
				F68E2387237FFB81005459F8 /* RestaurantsViewControllerViewController.swift */,
				F68E23AB23800EFF005459F8 /* RestaurantDetailViewController.swift */,
				F68E23A723800364005459F8 /* RestaurantTableViewCell.swift */,
				F68E23A823800364005459F8 /* RestaurantTableViewCell.xib */,
				F64D294124FB9C2C00D6391A /* InformationViewController.swift */,
				F68E2385237FFB81005459F8 /* AppDelegate.swift */,
				F68E238B237FFB81005459F8 /* Main.storyboard */,
				F68E238E237FFB85005459F8 /* Assets.xcassets */,
				F68E2390237FFB85005459F8 /* LaunchScreen.storyboard */,
				F68E2393237FFB85005459F8 /* Info.plist */,
				F629F2E628BFFF730046ECA3 /* fonts */,
			);
			path = Weinsafari;
			sourceTree = "<group>";
		};
		F68E239B237FFB85005459F8 /* WeinsafariTests */ = {
			isa = PBXGroup;
			children = (
				F68E239C237FFB85005459F8 /* WeinsafariTests.swift */,
				F68E239E237FFB85005459F8 /* Info.plist */,
			);
			path = WeinsafariTests;
			sourceTree = "<group>";
		};
/* End PBXGroup section */

/* Begin PBXNativeTarget section */
		F68E2381237FFB81005459F8 /* Weinsafari */ = {
			isa = PBXNativeTarget;
			buildConfigurationList = F68E23A1237FFB85005459F8 /* Build configuration list for PBXNativeTarget "Weinsafari" */;
			buildPhases = (
				F68E237E237FFB81005459F8 /* Sources */,
				F68E237F237FFB81005459F8 /* Frameworks */,
				F68E2380237FFB81005459F8 /* Resources */,
			);
			buildRules = (
			);
			dependencies = (
			);
			name = Weinsafari;
			productName = Weinsafari;
			productReference = F68E2382237FFB81005459F8 /* Weinsafari.app */;
			productType = "com.apple.product-type.application";
		};
		F68E2397237FFB85005459F8 /* WeinsafariTests */ = {
			isa = PBXNativeTarget;
			buildConfigurationList = F68E23A4237FFB85005459F8 /* Build configuration list for PBXNativeTarget "WeinsafariTests" */;
			buildPhases = (
				F68E2394237FFB85005459F8 /* Sources */,
				F68E2395237FFB85005459F8 /* Frameworks */,
				F68E2396237FFB85005459F8 /* Resources */,
			);
			buildRules = (
			);
			dependencies = (
				F68E239A237FFB85005459F8 /* PBXTargetDependency */,
			);
			name = WeinsafariTests;
			productName = WeinsafariTests;
			productReference = F68E2398237FFB85005459F8 /* WeinsafariTests.xctest */;
			productType = "com.apple.product-type.bundle.unit-test";
		};
/* End PBXNativeTarget section */

/* Begin PBXProject section */
		F68E237A237FFB81005459F8 /* Project object */ = {
			isa = PBXProject;
			attributes = {
				LastSwiftUpdateCheck = 1020;
				LastUpgradeCheck = 1020;
				ORGANIZATIONNAME = "Tobias Steinbrück";
				TargetAttributes = {
					F68E2381237FFB81005459F8 = {
						CreatedOnToolsVersion = 10.2.1;
					};
					F68E2397237FFB85005459F8 = {
						CreatedOnToolsVersion = 10.2.1;
						TestTargetID = F68E2381237FFB81005459F8;
					};
				};
			};
			buildConfigurationList = F68E237D237FFB81005459F8 /* Build configuration list for PBXProject "Weinsafari" */;
			compatibilityVersion = "Xcode 11.4";
			developmentRegion = en;
			hasScannedForEncodings = 0;
			knownRegions = (
				en,
				Base,
			);
			mainGroup = F68E2379237FFB81005459F8;
			productRefGroup = F68E2383237FFB81005459F8 /* Products */;
			projectDirPath = "";
			projectRoot = "";
			targets = (
				F68E2381237FFB81005459F8 /* Weinsafari */,
				F68E2397237FFB85005459F8 /* WeinsafariTests */,
			);
		};
/* End PBXProject section */

/* Begin PBXResourcesBuildPhase section */
		F68E2380237FFB81005459F8 /* Resources */ = {
			isa = PBXResourcesBuildPhase;
			buildActionMask = 2147483647;
			files = (
				F629F2E528BFFF520046ECA3 /* If.ttf in Resources */,
				F68E23AA23800364005459F8 /* RestaurantTableViewCell.xib in Resources */,
				F68E2392237FFB85005459F8 /* LaunchScreen.storyboard in Resources */,
				F68E238F237FFB85005459F8 /* Assets.xcassets in Resources */,
				F68E238D237FFB81005459F8 /* Main.storyboard in Resources */,
			);
			runOnlyForDeploymentPostprocessing = 0;
		};
		F68E2396237FFB85005459F8 /* Resources */ = {
			isa = PBXResourcesBuildPhase;
			buildActionMask = 2147483647;
			files = (
			);
			runOnlyForDeploymentPostprocessing = 0;
		};
/* End PBXResourcesBuildPhase section */

/* Begin PBXSourcesBuildPhase section */
		F68E237E237FFB81005459F8 /* Sources */ = {
			isa = PBXSourcesBuildPhase;
			buildActionMask = 2147483647;
			files = (
				F68E23A923800364005459F8 /* RestaurantTableViewCell.swift in Sources */,
				F68E238A237FFB81005459F8 /* MapViewController.swift in Sources */,
				F64D294224FB9C2C00D6391A /* InformationViewController.swift in Sources */,
				F68E23AC23800EFF005459F8 /* RestaurantDetailViewController.swift in Sources */,
				F68E2386237FFB81005459F8 /* AppDelegate.swift in Sources */,
				F68E2388237FFB81005459F8 /* RestaurantsViewControllerViewController.swift in Sources */,
				F626867123BF551000EB4B80 /* HomeViewController.swift in Sources */,
			);
			runOnlyForDeploymentPostprocessing = 0;
		};
		F68E2394237FFB85005459F8 /* Sources */ = {
			isa = PBXSourcesBuildPhase;
			buildActionMask = 2147483647;
			files = (
				F68E239D237FFB85005459F8 /* WeinsafariTests.swift in Sources */,
			);
			runOnlyForDeploymentPostprocessing = 0;
		};
/* End PBXSourcesBuildPhase section */

/* Begin PBXTargetDependency section */
		F68E239A237FFB85005459F8 /* PBXTargetDependency */ = {
			isa = PBXTargetDependency;
			target = F68E2381237FFB81005459F8 /* Weinsafari */;
			targetProxy = F68E2399237FFB85005459F8 /* PBXContainerItemProxy */;
		};
/* End PBXTargetDependency section */

/* Begin PBXVariantGroup section */
		F68E238B237FFB81005459F8 /* Main.storyboard */ = {
			isa = PBXVariantGroup;
			children = (
				F68E238C237FFB81005459F8 /* Base */,
			);
			name = Main.storyboard;
			sourceTree = "<group>";
		};
		F68E2390237FFB85005459F8 /* LaunchScreen.storyboard */ = {
			isa = PBXVariantGroup;
			children = (
				F68E2391237FFB85005459F8 /* Base */,
			);
			name = LaunchScreen.storyboard;
			sourceTree = "<group>";
		};
/* End PBXVariantGroup section */

/* Begin XCBuildConfiguration section */
		F68E239F237FFB85005459F8 /* Debug */ = {
			isa = XCBuildConfiguration;
			buildSettings = {
				ALWAYS_SEARCH_USER_PATHS = NO;
				CLANG_ANALYZER_NONNULL = YES;
				CLANG_ANALYZER_NUMBER_OBJECT_CONVERSION = YES_AGGRESSIVE;
				CLANG_CXX_LANGUAGE_STANDARD = "gnu++14";
				CLANG_CXX_LIBRARY = "libc++";
				CLANG_ENABLE_MODULES = YES;
				CLANG_ENABLE_OBJC_ARC = YES;
				CLANG_ENABLE_OBJC_WEAK = YES;
				CLANG_WARN_BLOCK_CAPTURE_AUTORELEASING = YES;
				CLANG_WARN_BOOL_CONVERSION = YES;
				CLANG_WARN_COMMA = YES;
				CLANG_WARN_CONSTANT_CONVERSION = YES;
				CLANG_WARN_DEPRECATED_OBJC_IMPLEMENTATIONS = YES;
				CLANG_WARN_DIRECT_OBJC_ISA_USAGE = YES_ERROR;
				CLANG_WARN_DOCUMENTATION_COMMENTS = YES;
				CLANG_WARN_EMPTY_BODY = YES;
				CLANG_WARN_ENUM_CONVERSION = YES;
				CLANG_WARN_INFINITE_RECURSION = YES;
				CLANG_WARN_INT_CONVERSION = YES;
				CLANG_WARN_NON_LITERAL_NULL_CONVERSION = YES;
				CLANG_WARN_OBJC_IMPLICIT_RETAIN_SELF = YES;
				CLANG_WARN_OBJC_LITERAL_CONVERSION = YES;
				CLANG_WARN_OBJC_ROOT_CLASS = YES_ERROR;
				CLANG_WARN_RANGE_LOOP_ANALYSIS = YES;
				CLANG_WARN_STRICT_PROTOTYPES = YES;
				CLANG_WARN_SUSPICIOUS_MOVE = YES;
				CLANG_WARN_UNGUARDED_AVAILABILITY = YES_AGGRESSIVE;
				CLANG_WARN_UNREACHABLE_CODE = YES;
				CLANG_WARN__DUPLICATE_METHOD_MATCH = YES;
				CODE_SIGN_IDENTITY = "iPhone Developer";
				COPY_PHASE_STRIP = NO;
				DEBUG_INFORMATION_FORMAT = dwarf;
				ENABLE_STRICT_OBJC_MSGSEND = YES;
				ENABLE_TESTABILITY = YES;
				GCC_C_LANGUAGE_STANDARD = gnu11;
				GCC_DYNAMIC_NO_PIC = NO;
				GCC_NO_COMMON_BLOCKS = YES;
				GCC_OPTIMIZATION_LEVEL = 0;
				GCC_PREPROCESSOR_DEFINITIONS = (
					"DEBUG=1",
					"$(inherited)",
				);
				GCC_WARN_64_TO_32_BIT_CONVERSION = YES;
				GCC_WARN_ABOUT_RETURN_TYPE = YES_ERROR;
				GCC_WARN_UNDECLARED_SELECTOR = YES;
				GCC_WARN_UNINITIALIZED_AUTOS = YES_AGGRESSIVE;
				GCC_WARN_UNUSED_FUNCTION = YES;
				GCC_WARN_UNUSED_VARIABLE = YES;
				IPHONEOS_DEPLOYMENT_TARGET = 13.5;
				MTL_ENABLE_DEBUG_INFO = INCLUDE_SOURCE;
				MTL_FAST_MATH = YES;
				ONLY_ACTIVE_ARCH = YES;
				SDKROOT = iphoneos;
				SWIFT_ACTIVE_COMPILATION_CONDITIONS = DEBUG;
				SWIFT_OPTIMIZATION_LEVEL = "-Onone";
				TARGETED_DEVICE_FAMILY = "1,2";
			};
			name = Debug;
		};
		F68E23A0237FFB85005459F8 /* Release */ = {
			isa = XCBuildConfiguration;
			buildSettings = {
				ALWAYS_SEARCH_USER_PATHS = NO;
				CLANG_ANALYZER_NONNULL = YES;
				CLANG_ANALYZER_NUMBER_OBJECT_CONVERSION = YES_AGGRESSIVE;
				CLANG_CXX_LANGUAGE_STANDARD = "gnu++14";
				CLANG_CXX_LIBRARY = "libc++";
				CLANG_ENABLE_MODULES = YES;
				CLANG_ENABLE_OBJC_ARC = YES;
				CLANG_ENABLE_OBJC_WEAK = YES;
				CLANG_WARN_BLOCK_CAPTURE_AUTORELEASING = YES;
				CLANG_WARN_BOOL_CONVERSION = YES;
				CLANG_WARN_COMMA = YES;
				CLANG_WARN_CONSTANT_CONVERSION = YES;
				CLANG_WARN_DEPRECATED_OBJC_IMPLEMENTATIONS = YES;
				CLANG_WARN_DIRECT_OBJC_ISA_USAGE = YES_ERROR;
				CLANG_WARN_DOCUMENTATION_COMMENTS = YES;
				CLANG_WARN_EMPTY_BODY = YES;
				CLANG_WARN_ENUM_CONVERSION = YES;
				CLANG_WARN_INFINITE_RECURSION = YES;
				CLANG_WARN_INT_CONVERSION = YES;
				CLANG_WARN_NON_LITERAL_NULL_CONVERSION = YES;
				CLANG_WARN_OBJC_IMPLICIT_RETAIN_SELF = YES;
				CLANG_WARN_OBJC_LITERAL_CONVERSION = YES;
				CLANG_WARN_OBJC_ROOT_CLASS = YES_ERROR;
				CLANG_WARN_RANGE_LOOP_ANALYSIS = YES;
				CLANG_WARN_STRICT_PROTOTYPES = YES;
				CLANG_WARN_SUSPICIOUS_MOVE = YES;
				CLANG_WARN_UNGUARDED_AVAILABILITY = YES_AGGRESSIVE;
				CLANG_WARN_UNREACHABLE_CODE = YES;
				CLANG_WARN__DUPLICATE_METHOD_MATCH = YES;
				CODE_SIGN_IDENTITY = "iPhone Developer";
				COPY_PHASE_STRIP = NO;
				DEBUG_INFORMATION_FORMAT = "dwarf-with-dsym";
				ENABLE_NS_ASSERTIONS = NO;
				ENABLE_STRICT_OBJC_MSGSEND = YES;
				GCC_C_LANGUAGE_STANDARD = gnu11;
				GCC_NO_COMMON_BLOCKS = YES;
				GCC_WARN_64_TO_32_BIT_CONVERSION = YES;
				GCC_WARN_ABOUT_RETURN_TYPE = YES_ERROR;
				GCC_WARN_UNDECLARED_SELECTOR = YES;
				GCC_WARN_UNINITIALIZED_AUTOS = YES_AGGRESSIVE;
				GCC_WARN_UNUSED_FUNCTION = YES;
				GCC_WARN_UNUSED_VARIABLE = YES;
				IPHONEOS_DEPLOYMENT_TARGET = 13.5;
				MTL_ENABLE_DEBUG_INFO = NO;
				MTL_FAST_MATH = YES;
				SDKROOT = iphoneos;
				SWIFT_COMPILATION_MODE = wholemodule;
				SWIFT_OPTIMIZATION_LEVEL = "-O";
				TARGETED_DEVICE_FAMILY = "1,2";
				VALIDATE_PRODUCT = YES;
			};
			name = Release;
		};
		F68E23A2237FFB85005459F8 /* Debug */ = {
			isa = XCBuildConfiguration;
			buildSettings = {
				ASSETCATALOG_COMPILER_APPICON_NAME = AppIcon;
				CODE_SIGN_IDENTITY = "Apple Development";
				CODE_SIGN_STYLE = Automatic;
				DEVELOPMENT_TEAM = 97R8489G7Q;
				INFOPLIST_FILE = Weinsafari/Info.plist;
				IPHONEOS_DEPLOYMENT_TARGET = 13.5;
				LD_RUNPATH_SEARCH_PATHS = (
					"$(inherited)",
					"@executable_path/Frameworks",
				);
				MARKETING_VERSION = 2024.0.0;
				PRODUCT_BUNDLE_IDENTIFIER = Tobias.Weinsafari;
				PRODUCT_NAME = "$(TARGET_NAME)";
				PROVISIONING_PROFILE_SPECIFIER = "";
				SWIFT_VERSION = 5.0;
				TARGETED_DEVICE_FAMILY = "1,2";
			};
			name = Debug;
		};
		F68E23A3237FFB85005459F8 /* Release */ = {
			isa = XCBuildConfiguration;
			buildSettings = {
				ASSETCATALOG_COMPILER_APPICON_NAME = AppIcon;
				CODE_SIGN_IDENTITY = "Apple Development";
				CODE_SIGN_STYLE = Automatic;
				DEVELOPMENT_TEAM = 97R8489G7Q;
				INFOPLIST_FILE = Weinsafari/Info.plist;
				IPHONEOS_DEPLOYMENT_TARGET = 13.5;
				LD_RUNPATH_SEARCH_PATHS = (
					"$(inherited)",
					"@executable_path/Frameworks",
				);
				MARKETING_VERSION = 2024.0.0;
				PRODUCT_BUNDLE_IDENTIFIER = Tobias.Weinsafari;
				PRODUCT_NAME = "$(TARGET_NAME)";
				PROVISIONING_PROFILE_SPECIFIER = "";
				SWIFT_VERSION = 5.0;
				TARGETED_DEVICE_FAMILY = "1,2";
			};
			name = Release;
		};
		F68E23A5237FFB85005459F8 /* Debug */ = {
			isa = XCBuildConfiguration;
			buildSettings = {
				ALWAYS_EMBED_SWIFT_STANDARD_LIBRARIES = YES;
				BUNDLE_LOADER = "$(TEST_HOST)";
				CODE_SIGN_STYLE = Automatic;
				DEVELOPMENT_TEAM = 97R8489G7Q;
				INFOPLIST_FILE = WeinsafariTests/Info.plist;
				LD_RUNPATH_SEARCH_PATHS = (
					"$(inherited)",
					"@executable_path/Frameworks",
					"@loader_path/Frameworks",
				);
				PRODUCT_BUNDLE_IDENTIFIER = Tobias.WeinsafariTests;
				PRODUCT_NAME = "$(TARGET_NAME)";
				SWIFT_VERSION = 5.0;
				TARGETED_DEVICE_FAMILY = "1,2";
				TEST_HOST = "$(BUILT_PRODUCTS_DIR)/Weinsafari.app/Weinsafari";
			};
			name = Debug;
		};
		F68E23A6237FFB85005459F8 /* Release */ = {
			isa = XCBuildConfiguration;
			buildSettings = {
				ALWAYS_EMBED_SWIFT_STANDARD_LIBRARIES = YES;
				BUNDLE_LOADER = "$(TEST_HOST)";
				CODE_SIGN_STYLE = Automatic;
				DEVELOPMENT_TEAM = 97R8489G7Q;
				INFOPLIST_FILE = WeinsafariTests/Info.plist;
				LD_RUNPATH_SEARCH_PATHS = (
					"$(inherited)",
					"@executable_path/Frameworks",
					"@loader_path/Frameworks",
				);
				PRODUCT_BUNDLE_IDENTIFIER = Tobias.WeinsafariTests;
				PRODUCT_NAME = "$(TARGET_NAME)";
				SWIFT_VERSION = 5.0;
				TARGETED_DEVICE_FAMILY = "1,2";
				TEST_HOST = "$(BUILT_PRODUCTS_DIR)/Weinsafari.app/Weinsafari";
			};
			name = Release;
		};
/* End XCBuildConfiguration section */

/* Begin XCConfigurationList section */
		F68E237D237FFB81005459F8 /* Build configuration list for PBXProject "Weinsafari" */ = {
			isa = XCConfigurationList;
			buildConfigurations = (
				F68E239F237FFB85005459F8 /* Debug */,
				F68E23A0237FFB85005459F8 /* Release */,
			);
			defaultConfigurationIsVisible = 0;
			defaultConfigurationName = Release;
		};
		F68E23A1237FFB85005459F8 /* Build configuration list for PBXNativeTarget "Weinsafari" */ = {
			isa = XCConfigurationList;
			buildConfigurations = (
				F68E23A2237FFB85005459F8 /* Debug */,
				F68E23A3237FFB85005459F8 /* Release */,
			);
			defaultConfigurationIsVisible = 0;
			defaultConfigurationName = Release;
		};
		F68E23A4237FFB85005459F8 /* Build configuration list for PBXNativeTarget "WeinsafariTests" */ = {
			isa = XCConfigurationList;
			buildConfigurations = (
				F68E23A5237FFB85005459F8 /* Debug */,
				F68E23A6237FFB85005459F8 /* Release */,
			);
			defaultConfigurationIsVisible = 0;
			defaultConfigurationName = Release;
		};
/* End XCConfigurationList section */
	};
	rootObject = F68E237A237FFB81005459F8 /* Project object */;
}
